PODS:
  - Alamofire (4.7.2)
  - UICircularProgressRing (3.0.0)

DEPENDENCIES:
  - Alamofire
  - UICircularProgressRing

SPEC REPOS:
  https://github.com/cocoapods/specs.git:
    - Alamofire
    - UICircularProgressRing

SPEC CHECKSUMS:
  Alamofire: e4fa87002c137ba2d8d634d2c51fabcda0d5c223
  UICircularProgressRing: 3b472692ffca84060fd444ea5c0b387161067c54

PODFILE CHECKSUM: 395d2d2da50c4634645d5e0c740c6db22dca0e22

COCOAPODS: 1.5.3
