PODS:
  - Alamofire (5.0.5)
  - Charts (3.5.0):
  - Charts/Core (3.5.0)
  - SnapKit (4.2.0)
  - SwiftLint (0.39.2)
  - UICircularProgressRing (6.5.0)

DEPENDENCIES:
  - Alamofire (~> 5.0.0-beta.3)
  - Charts
  - SnapKit (= 4.2.0)
  - SwiftLint
  - UICircularProgressRing

SPEC REPOS:
  trunk:
    - Alamofire
    - Charts
    - SnapKit
    - SwiftLint
    - UICircularProgressRing

SPEC CHECKSUMS:
  Alamofire: df2f8f826963b08b9a870791ad48e07a10090b2e
  Charts: 40a08591df1f8ad5c223ddedfb1a06da92f24f7c
  SnapKit: fe8a619752f3f27075cc9a90244d75c6c3f27e2a
  SwiftLint: 22ccbbe3b8008684be5955693bab135e0ed6a447
  UICircularProgressRing: e6852e8f88e296cbbbe2720cccb55241acda6708

PODFILE CHECKSUM: 0fbb61ee898dba5cc13c7e4a2992debc299c9a67

COCOAPODS: 1.9.1
