// !$*UTF8*$!
{
	archiveVersion = 1;
	classes = {
	};
	objectVersion = 50;
	objects = {

/* Begin PBXBuildFile section */
		9F0541CA21D3D95F000B8933 /* TimerController.swift in Sources */ = {isa = PBXBuildFile; fileRef = 9F0541C921D3D95F000B8933 /* TimerController.swift */; };
		9F0541CC21D3D96C000B8933 /* SettingController.swift in Sources */ = {isa = PBXBuildFile; fileRef = 9F0541CB21D3D96C000B8933 /* SettingController.swift */; };
		9F0541CE21D3DEC2000B8933 /* PGTabBarController.swift in Sources */ = {isa = PBXBuildFile; fileRef = 9F0541CD21D3DEC2000B8933 /* PGTabBarController.swift */; };
		9F365531245EFE67004F08DB /* ReportCell.swift in Sources */ = {isa = PBXBuildFile; fileRef = 9F365530245EFE67004F08DB /* ReportCell.swift */; };
		9F3A09B623E996AC00276F4D /* Assets.xcassets in Resources */ = {isa = PBXBuildFile; fileRef = 9F3A09B523E996AB00276F4D /* Assets.xcassets */; };
		9F3A09BC23E9970600276F4D /* LaunchScreen.storyboard in Resources */ = {isa = PBXBuildFile; fileRef = 9F3A09B823E9970600276F4D /* LaunchScreen.storyboard */; };
		9F3A09BD23E9970600276F4D /* Main.storyboard in Resources */ = {isa = PBXBuildFile; fileRef = 9F3A09BA23E9970600276F4D /* Main.storyboard */; };
		9F6A157F23D8570300B13C4A /* Utility.swift in Sources */ = {isa = PBXBuildFile; fileRef = 9F6A157E23D8570300B13C4A /* Utility.swift */; };
		9F6A158C23D85D7700B13C4A /* Spoqa Han Sans Light.ttf in Resources */ = {isa = PBXBuildFile; fileRef = 9F6A158823D85D7700B13C4A /* Spoqa Han Sans Light.ttf */; };
		9F6A158D23D85D7700B13C4A /* Spoqa Han Sans Regular.ttf in Resources */ = {isa = PBXBuildFile; fileRef = 9F6A158923D85D7700B13C4A /* Spoqa Han Sans Regular.ttf */; };
		9F6A158E23D85D7700B13C4A /* Spoqa Han Sans Thin.ttf in Resources */ = {isa = PBXBuildFile; fileRef = 9F6A158A23D85D7700B13C4A /* Spoqa Han Sans Thin.ttf */; };
		9F6A158F23D85D7700B13C4A /* Spoqa Han Sans Bold.ttf in Resources */ = {isa = PBXBuildFile; fileRef = 9F6A158B23D85D7700B13C4A /* Spoqa Han Sans Bold.ttf */; };
		9F6F5E2723FC03FB008A2841 /* PomoInfo.swift in Sources */ = {isa = PBXBuildFile; fileRef = 9F6F5E2623FC03FB008A2841 /* PomoInfo.swift */; };
		9F7F4FBC21DCB52F00BD9C8B /* SettingCustomCell.swift in Sources */ = {isa = PBXBuildFile; fileRef = 9F7F4FBB21DCB52F00BD9C8B /* SettingCustomCell.swift */; };
		9F7F4FBE21DCD61500BD9C8B /* SettingVO.swift in Sources */ = {isa = PBXBuildFile; fileRef = 9F7F4FBD21DCD61500BD9C8B /* SettingVO.swift */; };
		9FC8581321B6CE3B00BA05CA /* AppDelegate.swift in Sources */ = {isa = PBXBuildFile; fileRef = 9FC8581221B6CE3B00BA05CA /* AppDelegate.swift */; };
		9FC8581521B6CE3B00BA05CA /* ViewController.swift in Sources */ = {isa = PBXBuildFile; fileRef = 9FC8581421B6CE3B00BA05CA /* ViewController.swift */; };
		9FC8582B21B6CE3C00BA05CA /* ppoggleTests.swift in Sources */ = {isa = PBXBuildFile; fileRef = 9FC8582A21B6CE3C00BA05CA /* ppoggleTests.swift */; };
		9FE1496E21D89C37005E8D1F /* ReportController.swift in Sources */ = {isa = PBXBuildFile; fileRef = 9FE1496D21D89C37005E8D1F /* ReportController.swift */; };
		9FE1497021D89C52005E8D1F /* UserGroupController.swift in Sources */ = {isa = PBXBuildFile; fileRef = 9FE1496F21D89C52005E8D1F /* UserGroupController.swift */; };
		9FE1497221D89C67005E8D1F /* MypomoController.swift in Sources */ = {isa = PBXBuildFile; fileRef = 9FE1497121D89C67005E8D1F /* MypomoController.swift */; };
		F0A586C2CE480C6F624A540D /* libPods-ppoggle.a in Frameworks */ = {isa = PBXBuildFile; fileRef = 112E06484D66E9A17FF5BA62 /* libPods-ppoggle.a */; };
/* End PBXBuildFile section */

/* Begin PBXContainerItemProxy section */
		9FC8582721B6CE3C00BA05CA /* PBXContainerItemProxy */ = {
			isa = PBXContainerItemProxy;
			containerPortal = 9FC8580721B6CE3B00BA05CA /* Project object */;
			proxyType = 1;
			remoteGlobalIDString = 9FC8580E21B6CE3B00BA05CA;
			remoteInfo = ppoggle;
		};
/* End PBXContainerItemProxy section */

/* Begin PBXFileReference section */
		112E06484D66E9A17FF5BA62 /* libPods-ppoggle.a */ = {isa = PBXFileReference; explicitFileType = archive.ar; includeInIndex = 0; path = "libPods-ppoggle.a"; sourceTree = BUILT_PRODUCTS_DIR; };
		1D058A1BC3F9D4E16351EEA5 /* Pods-ppoggle.debug.xcconfig */ = {isa = PBXFileReference; includeInIndex = 1; lastKnownFileType = text.xcconfig; name = "Pods-ppoggle.debug.xcconfig"; path = "Pods/Target Support Files/Pods-ppoggle/Pods-ppoggle.debug.xcconfig"; sourceTree = "<group>"; };
		9F0541C921D3D95F000B8933 /* TimerController.swift */ = {isa = PBXFileReference; lastKnownFileType = sourcecode.swift; path = TimerController.swift; sourceTree = "<group>"; };
		9F0541CB21D3D96C000B8933 /* SettingController.swift */ = {isa = PBXFileReference; lastKnownFileType = sourcecode.swift; path = SettingController.swift; sourceTree = "<group>"; };
		9F0541CD21D3DEC2000B8933 /* PGTabBarController.swift */ = {isa = PBXFileReference; lastKnownFileType = sourcecode.swift; path = PGTabBarController.swift; sourceTree = "<group>"; };
		9F365530245EFE67004F08DB /* ReportCell.swift */ = {isa = PBXFileReference; lastKnownFileType = sourcecode.swift; path = ReportCell.swift; sourceTree = "<group>"; };
		9F3A09B523E996AB00276F4D /* Assets.xcassets */ = {isa = PBXFileReference; lastKnownFileType = folder.assetcatalog; name = Assets.xcassets; path = Resources/Assets.xcassets; sourceTree = "<group>"; };
		9F3A09B923E9970600276F4D /* Base */ = {isa = PBXFileReference; lastKnownFileType = file.storyboard; name = Base; path = LaunchScreen.storyboard; sourceTree = "<group>"; };
		9F3A09BB23E9970600276F4D /* Base */ = {isa = PBXFileReference; lastKnownFileType = file.storyboard; name = Base; path = Main.storyboard; sourceTree = "<group>"; };
		9F6A157E23D8570300B13C4A /* Utility.swift */ = {isa = PBXFileReference; fileEncoding = 4; lastKnownFileType = sourcecode.swift; path = Utility.swift; sourceTree = "<group>"; };
		9F6A158823D85D7700B13C4A /* Spoqa Han Sans Light.ttf */ = {isa = PBXFileReference; lastKnownFileType = file; path = "Spoqa Han Sans Light.ttf"; sourceTree = "<group>"; };
		9F6A158923D85D7700B13C4A /* Spoqa Han Sans Regular.ttf */ = {isa = PBXFileReference; lastKnownFileType = file; path = "Spoqa Han Sans Regular.ttf"; sourceTree = "<group>"; };
		9F6A158A23D85D7700B13C4A /* Spoqa Han Sans Thin.ttf */ = {isa = PBXFileReference; lastKnownFileType = file; path = "Spoqa Han Sans Thin.ttf"; sourceTree = "<group>"; };
		9F6A158B23D85D7700B13C4A /* Spoqa Han Sans Bold.ttf */ = {isa = PBXFileReference; lastKnownFileType = file; path = "Spoqa Han Sans Bold.ttf"; sourceTree = "<group>"; };
		9F6F5E2623FC03FB008A2841 /* PomoInfo.swift */ = {isa = PBXFileReference; lastKnownFileType = sourcecode.swift; path = PomoInfo.swift; sourceTree = "<group>"; };
		9F7F4FBB21DCB52F00BD9C8B /* SettingCustomCell.swift */ = {isa = PBXFileReference; lastKnownFileType = sourcecode.swift; path = SettingCustomCell.swift; sourceTree = "<group>"; };
		9F7F4FBD21DCD61500BD9C8B /* SettingVO.swift */ = {isa = PBXFileReference; lastKnownFileType = sourcecode.swift; path = SettingVO.swift; sourceTree = "<group>"; };
		9FC8580F21B6CE3B00BA05CA /* ppoggle.app */ = {isa = PBXFileReference; explicitFileType = wrapper.application; includeInIndex = 0; path = ppoggle.app; sourceTree = BUILT_PRODUCTS_DIR; };
		9FC8581221B6CE3B00BA05CA /* AppDelegate.swift */ = {isa = PBXFileReference; lastKnownFileType = sourcecode.swift; path = AppDelegate.swift; sourceTree = "<group>"; };
		9FC8581421B6CE3B00BA05CA /* ViewController.swift */ = {isa = PBXFileReference; lastKnownFileType = sourcecode.swift; path = ViewController.swift; sourceTree = "<group>"; };
		9FC8582121B6CE3C00BA05CA /* Info.plist */ = {isa = PBXFileReference; lastKnownFileType = text.plist.xml; path = Info.plist; sourceTree = "<group>"; };
		9FC8582621B6CE3C00BA05CA /* ppoggleTests.xctest */ = {isa = PBXFileReference; explicitFileType = wrapper.cfbundle; includeInIndex = 0; path = ppoggleTests.xctest; sourceTree = BUILT_PRODUCTS_DIR; };
		9FC8582A21B6CE3C00BA05CA /* ppoggleTests.swift */ = {isa = PBXFileReference; lastKnownFileType = sourcecode.swift; path = ppoggleTests.swift; sourceTree = "<group>"; };
		9FC8582C21B6CE3C00BA05CA /* Info.plist */ = {isa = PBXFileReference; lastKnownFileType = text.plist.xml; path = Info.plist; sourceTree = "<group>"; };
		9FE1496D21D89C37005E8D1F /* ReportController.swift */ = {isa = PBXFileReference; lastKnownFileType = sourcecode.swift; path = ReportController.swift; sourceTree = "<group>"; };
		9FE1496F21D89C52005E8D1F /* UserGroupController.swift */ = {isa = PBXFileReference; lastKnownFileType = sourcecode.swift; path = UserGroupController.swift; sourceTree = "<group>"; };
		9FE1497121D89C67005E8D1F /* MypomoController.swift */ = {isa = PBXFileReference; lastKnownFileType = sourcecode.swift; path = MypomoController.swift; sourceTree = "<group>"; };
		D1C9B106BB00757C6BCA853D /* Pods-ppoggle.release.xcconfig */ = {isa = PBXFileReference; includeInIndex = 1; lastKnownFileType = text.xcconfig; name = "Pods-ppoggle.release.xcconfig"; path = "Pods/Target Support Files/Pods-ppoggle/Pods-ppoggle.release.xcconfig"; sourceTree = "<group>"; };
/* End PBXFileReference section */

/* Begin PBXFrameworksBuildPhase section */
		9FC8580C21B6CE3B00BA05CA /* Frameworks */ = {
			isa = PBXFrameworksBuildPhase;
			buildActionMask = 2147483647;
			files = (
				F0A586C2CE480C6F624A540D /* libPods-ppoggle.a in Frameworks */,
			);
			runOnlyForDeploymentPostprocessing = 0;
		};
		9FC8582321B6CE3C00BA05CA /* Frameworks */ = {
			isa = PBXFrameworksBuildPhase;
			buildActionMask = 2147483647;
			files = (
			);
			runOnlyForDeploymentPostprocessing = 0;
		};
/* End PBXFrameworksBuildPhase section */

/* Begin PBXGroup section */
		12297B0CA28141D14FA51477 /* Pods */ = {
			isa = PBXGroup;
			children = (
				1D058A1BC3F9D4E16351EEA5 /* Pods-ppoggle.debug.xcconfig */,
				D1C9B106BB00757C6BCA853D /* Pods-ppoggle.release.xcconfig */,
			);
			name = Pods;
			sourceTree = "<group>";
		};
		1C33195C552B43C1C56BC85C /* Frameworks */ = {
			isa = PBXGroup;
			children = (
				112E06484D66E9A17FF5BA62 /* libPods-ppoggle.a */,
			);
			name = Frameworks;
			sourceTree = "<group>";
		};
		9F3A09B723E9970600276F4D /* Base.lproj */ = {
			isa = PBXGroup;
			children = (
				9F3A09B823E9970600276F4D /* LaunchScreen.storyboard */,
				9F3A09BA23E9970600276F4D /* Main.storyboard */,
			);
			name = Base.lproj;
			path = Resources/Base.lproj;
			sourceTree = "<group>";
		};
		9F6A157823D8556100B13C4A /* Fonts */ = {
			isa = PBXGroup;
			children = (
				9F6A158B23D85D7700B13C4A /* Spoqa Han Sans Bold.ttf */,
				9F6A158823D85D7700B13C4A /* Spoqa Han Sans Light.ttf */,
				9F6A158923D85D7700B13C4A /* Spoqa Han Sans Regular.ttf */,
				9F6A158A23D85D7700B13C4A /* Spoqa Han Sans Thin.ttf */,
			);
			path = Fonts;
			sourceTree = "<group>";
		};
		9FC8580621B6CE3B00BA05CA = {
			isa = PBXGroup;
			children = (
				9FC8581121B6CE3B00BA05CA /* ppoggle */,
				9FC8582121B6CE3C00BA05CA /* Info.plist */,
				9FC8581421B6CE3B00BA05CA /* ViewController.swift */,
				9FC8581221B6CE3B00BA05CA /* AppDelegate.swift */,
				9FC8582921B6CE3C00BA05CA /* ppoggleTests */,
				9FC8581021B6CE3B00BA05CA /* Products */,
				12297B0CA28141D14FA51477 /* Pods */,
				1C33195C552B43C1C56BC85C /* Frameworks */,
			);
			sourceTree = "<group>";
		};
		9FC8581021B6CE3B00BA05CA /* Products */ = {
			isa = PBXGroup;
			children = (
				9FC8580F21B6CE3B00BA05CA /* ppoggle.app */,
				9FC8582621B6CE3C00BA05CA /* ppoggleTests.xctest */,
			);
			name = Products;
			sourceTree = "<group>";
		};
		9FC8581121B6CE3B00BA05CA /* ppoggle */ = {
			isa = PBXGroup;
			children = (
				9FE1497321D8D014005E8D1F /* Resources */,
				9F3A09B523E996AB00276F4D /* Assets.xcassets */,
				9F3A09B723E9970600276F4D /* Base.lproj */,
				9F6A157E23D8570300B13C4A /* Utility.swift */,
				9FC8ED1F21FBFA8A0005D124 /* Controllers */,
				9FF3622C242A1FD900073E20 /* Report */,
				9FC8ED2121FBFAF70005D124 /* Models */,
			);
			path = ppoggle;
			sourceTree = "<group>";
		};
		9FC8582921B6CE3C00BA05CA /* ppoggleTests */ = {
			isa = PBXGroup;
			children = (
				9FC8582A21B6CE3C00BA05CA /* ppoggleTests.swift */,
				9FC8582C21B6CE3C00BA05CA /* Info.plist */,
			);
			path = ppoggleTests;
			sourceTree = "<group>";
		};
		9FC8ED1F21FBFA8A0005D124 /* Controllers */ = {
			isa = PBXGroup;
			children = (
				9FE1497121D89C67005E8D1F /* MypomoController.swift */,
				9F0541C921D3D95F000B8933 /* TimerController.swift */,
				9FE1496F21D89C52005E8D1F /* UserGroupController.swift */,
				9F0541CD21D3DEC2000B8933 /* PGTabBarController.swift */,
				9F0541CB21D3D96C000B8933 /* SettingController.swift */,
			);
			path = Controllers;
			sourceTree = "<group>";
		};
		9FC8ED2121FBFAF70005D124 /* Models */ = {
			isa = PBXGroup;
			children = (
				9F7F4FBB21DCB52F00BD9C8B /* SettingCustomCell.swift */,
				9F7F4FBD21DCD61500BD9C8B /* SettingVO.swift */,
				9F6F5E2623FC03FB008A2841 /* PomoInfo.swift */,
			);
			path = Models;
			sourceTree = "<group>";
		};
		9FE1497321D8D014005E8D1F /* Resources */ = {
			isa = PBXGroup;
			children = (
				9F6A157823D8556100B13C4A /* Fonts */,
			);
			path = Resources;
			sourceTree = "<group>";
		};
		9FF3622C242A1FD900073E20 /* Report */ = {
			isa = PBXGroup;
			children = (
				9FE1496D21D89C37005E8D1F /* ReportController.swift */,
				9F365530245EFE67004F08DB /* ReportCell.swift */,
			);
			path = Report;
			sourceTree = "<group>";
		};
/* End PBXGroup section */

/* Begin PBXNativeTarget section */
		9FC8580E21B6CE3B00BA05CA /* ppoggle */ = {
			isa = PBXNativeTarget;
			buildConfigurationList = 9FC8582F21B6CE3C00BA05CA /* Build configuration list for PBXNativeTarget "ppoggle" */;
			buildPhases = (
				0964297F7AFDFAEF6B196945 /* [CP] Check Pods Manifest.lock */,
				9FC8580B21B6CE3B00BA05CA /* Sources */,
				9FC8580C21B6CE3B00BA05CA /* Frameworks */,
				9FC8580D21B6CE3B00BA05CA /* Resources */,
			);
			buildRules = (
			);
			dependencies = (
			);
			name = ppoggle;
			productName = ppoggle;
			productReference = 9FC8580F21B6CE3B00BA05CA /* ppoggle.app */;
			productType = "com.apple.product-type.application";
		};
		9FC8582521B6CE3C00BA05CA /* ppoggleTests */ = {
			isa = PBXNativeTarget;
			buildConfigurationList = 9FC8583221B6CE3C00BA05CA /* Build configuration list for PBXNativeTarget "ppoggleTests" */;
			buildPhases = (
				9FC8582221B6CE3C00BA05CA /* Sources */,
				9FC8582321B6CE3C00BA05CA /* Frameworks */,
				9FC8582421B6CE3C00BA05CA /* Resources */,
			);
			buildRules = (
			);
			dependencies = (
				9FC8582821B6CE3C00BA05CA /* PBXTargetDependency */,
			);
			name = ppoggleTests;
			productName = ppoggleTests;
			productReference = 9FC8582621B6CE3C00BA05CA /* ppoggleTests.xctest */;
			productType = "com.apple.product-type.bundle.unit-test";
		};
/* End PBXNativeTarget section */

/* Begin PBXProject section */
		9FC8580721B6CE3B00BA05CA /* Project object */ = {
			isa = PBXProject;
			attributes = {
				LastSwiftUpdateCheck = 1010;
				LastUpgradeCheck = 1010;
				ORGANIZATIONNAME = "KyungYoung Heo";
				TargetAttributes = {
					9FC8580E21B6CE3B00BA05CA = {
						CreatedOnToolsVersion = 10.1;
					};
					9FC8582521B6CE3C00BA05CA = {
						CreatedOnToolsVersion = 10.1;
						TestTargetID = 9FC8580E21B6CE3B00BA05CA;
					};
				};
			};
			buildConfigurationList = 9FC8580A21B6CE3B00BA05CA /* Build configuration list for PBXProject "ppoggle" */;
			compatibilityVersion = "Xcode 9.3";
			developmentRegion = en;
			hasScannedForEncodings = 0;
			knownRegions = (
				en,
				Base,
			);
			mainGroup = 9FC8580621B6CE3B00BA05CA;
			productRefGroup = 9FC8581021B6CE3B00BA05CA /* Products */;
			projectDirPath = "";
			projectRoot = "";
			targets = (
				9FC8580E21B6CE3B00BA05CA /* ppoggle */,
				9FC8582521B6CE3C00BA05CA /* ppoggleTests */,
			);
		};
/* End PBXProject section */

/* Begin PBXResourcesBuildPhase section */
		9FC8580D21B6CE3B00BA05CA /* Resources */ = {
			isa = PBXResourcesBuildPhase;
			buildActionMask = 2147483647;
			files = (
				9F3A09BD23E9970600276F4D /* Main.storyboard in Resources */,
				9F6A158C23D85D7700B13C4A /* Spoqa Han Sans Light.ttf in Resources */,
				9F6A158D23D85D7700B13C4A /* Spoqa Han Sans Regular.ttf in Resources */,
				9F6A158E23D85D7700B13C4A /* Spoqa Han Sans Thin.ttf in Resources */,
				9F3A09BC23E9970600276F4D /* LaunchScreen.storyboard in Resources */,
				9F3A09B623E996AC00276F4D /* Assets.xcassets in Resources */,
				9F6A158F23D85D7700B13C4A /* Spoqa Han Sans Bold.ttf in Resources */,
			);
			runOnlyForDeploymentPostprocessing = 0;
		};
		9FC8582421B6CE3C00BA05CA /* Resources */ = {
			isa = PBXResourcesBuildPhase;
			buildActionMask = 2147483647;
			files = (
			);
			runOnlyForDeploymentPostprocessing = 0;
		};
/* End PBXResourcesBuildPhase section */

/* Begin PBXShellScriptBuildPhase section */
		0964297F7AFDFAEF6B196945 /* [CP] Check Pods Manifest.lock */ = {
			isa = PBXShellScriptBuildPhase;
			buildActionMask = 2147483647;
			files = (
			);
			inputPaths = (
				"${PODS_PODFILE_DIR_PATH}/Podfile.lock",
				"${PODS_ROOT}/Manifest.lock",
			);
			name = "[CP] Check Pods Manifest.lock";
			outputPaths = (
				"$(DERIVED_FILE_DIR)/Pods-ppoggle-checkManifestLockResult.txt",
			);
			runOnlyForDeploymentPostprocessing = 0;
			shellPath = /bin/sh;
			shellScript = "diff \"${PODS_PODFILE_DIR_PATH}/Podfile.lock\" \"${PODS_ROOT}/Manifest.lock\" > /dev/null\nif [ $? != 0 ] ; then\n    # print error to STDERR\n    echo \"error: The sandbox is not in sync with the Podfile.lock. Run 'pod install' or update your CocoaPods installation.\" >&2\n    exit 1\nfi\n# This output is used by Xcode 'outputs' to avoid re-running this script phase.\necho \"SUCCESS\" > \"${SCRIPT_OUTPUT_FILE_0}\"\n";
			showEnvVarsInLog = 0;
		};
/* End PBXShellScriptBuildPhase section */

/* Begin PBXSourcesBuildPhase section */
		9FC8580B21B6CE3B00BA05CA /* Sources */ = {
			isa = PBXSourcesBuildPhase;
			buildActionMask = 2147483647;
			files = (
				9F6F5E2723FC03FB008A2841 /* PomoInfo.swift in Sources */,
				9FE1496E21D89C37005E8D1F /* ReportController.swift in Sources */,
				9F7F4FBE21DCD61500BD9C8B /* SettingVO.swift in Sources */,
				9F0541CC21D3D96C000B8933 /* SettingController.swift in Sources */,
				9FC8581521B6CE3B00BA05CA /* ViewController.swift in Sources */,
				9F0541CE21D3DEC2000B8933 /* PGTabBarController.swift in Sources */,
				9F7F4FBC21DCB52F00BD9C8B /* SettingCustomCell.swift in Sources */,
				9FE1497221D89C67005E8D1F /* MypomoController.swift in Sources */,
				9F6A157F23D8570300B13C4A /* Utility.swift in Sources */,
				9FE1497021D89C52005E8D1F /* UserGroupController.swift in Sources */,
				9F0541CA21D3D95F000B8933 /* TimerController.swift in Sources */,
				9FC8581321B6CE3B00BA05CA /* AppDelegate.swift in Sources */,
				9F365531245EFE67004F08DB /* ReportCell.swift in Sources */,
			);
			runOnlyForDeploymentPostprocessing = 0;
		};
		9FC8582221B6CE3C00BA05CA /* Sources */ = {
			isa = PBXSourcesBuildPhase;
			buildActionMask = 2147483647;
			files = (
				9FC8582B21B6CE3C00BA05CA /* ppoggleTests.swift in Sources */,
			);
			runOnlyForDeploymentPostprocessing = 0;
		};
/* End PBXSourcesBuildPhase section */

/* Begin PBXTargetDependency section */
		9FC8582821B6CE3C00BA05CA /* PBXTargetDependency */ = {
			isa = PBXTargetDependency;
			target = 9FC8580E21B6CE3B00BA05CA /* ppoggle */;
			targetProxy = 9FC8582721B6CE3C00BA05CA /* PBXContainerItemProxy */;
		};
/* End PBXTargetDependency section */

/* Begin PBXVariantGroup section */
		9F3A09B823E9970600276F4D /* LaunchScreen.storyboard */ = {
			isa = PBXVariantGroup;
			children = (
				9F3A09B923E9970600276F4D /* Base */,
			);
			name = LaunchScreen.storyboard;
			sourceTree = "<group>";
		};
		9F3A09BA23E9970600276F4D /* Main.storyboard */ = {
			isa = PBXVariantGroup;
			children = (
				9F3A09BB23E9970600276F4D /* Base */,
			);
			name = Main.storyboard;
			sourceTree = "<group>";
		};
/* End PBXVariantGroup section */

/* Begin XCBuildConfiguration section */
		9FC8582D21B6CE3C00BA05CA /* Debug */ = {
			isa = XCBuildConfiguration;
			buildSettings = {
				ALWAYS_SEARCH_USER_PATHS = NO;
				ASSETCATALOG_COMPILER_APPICON_NAME = AppIcon;
				CLANG_ANALYZER_NONNULL = YES;
				CLANG_ANALYZER_NUMBER_OBJECT_CONVERSION = YES_AGGRESSIVE;
				CLANG_CXX_LANGUAGE_STANDARD = "gnu++14";
				CLANG_CXX_LIBRARY = "libc++";
				CLANG_ENABLE_MODULES = YES;
				CLANG_ENABLE_OBJC_ARC = YES;
				CLANG_ENABLE_OBJC_WEAK = YES;
				CLANG_WARN_BLOCK_CAPTURE_AUTORELEASING = YES;
				CLANG_WARN_BOOL_CONVERSION = YES;
				CLANG_WARN_COMMA = YES;
				CLANG_WARN_CONSTANT_CONVERSION = YES;
				CLANG_WARN_DEPRECATED_OBJC_IMPLEMENTATIONS = YES;
				CLANG_WARN_DIRECT_OBJC_ISA_USAGE = YES_ERROR;
				CLANG_WARN_DOCUMENTATION_COMMENTS = YES;
				CLANG_WARN_EMPTY_BODY = YES;
				CLANG_WARN_ENUM_CONVERSION = YES;
				CLANG_WARN_INFINITE_RECURSION = YES;
				CLANG_WARN_INT_CONVERSION = YES;
				CLANG_WARN_NON_LITERAL_NULL_CONVERSION = YES;
				CLANG_WARN_OBJC_IMPLICIT_RETAIN_SELF = YES;
				CLANG_WARN_OBJC_LITERAL_CONVERSION = YES;
				CLANG_WARN_OBJC_ROOT_CLASS = YES_ERROR;
				CLANG_WARN_RANGE_LOOP_ANALYSIS = YES;
				CLANG_WARN_STRICT_PROTOTYPES = YES;
				CLANG_WARN_SUSPICIOUS_MOVE = YES;
				CLANG_WARN_UNGUARDED_AVAILABILITY = YES_AGGRESSIVE;
				CLANG_WARN_UNREACHABLE_CODE = YES;
				CLANG_WARN__DUPLICATE_METHOD_MATCH = YES;
				CODE_SIGN_IDENTITY = "iPhone Developer";
				COPY_PHASE_STRIP = NO;
				DEBUG_INFORMATION_FORMAT = dwarf;
				ENABLE_STRICT_OBJC_MSGSEND = YES;
				ENABLE_TESTABILITY = YES;
				GCC_C_LANGUAGE_STANDARD = gnu11;
				GCC_DYNAMIC_NO_PIC = NO;
				GCC_NO_COMMON_BLOCKS = YES;
				GCC_OPTIMIZATION_LEVEL = 0;
				GCC_PREPROCESSOR_DEFINITIONS = (
					"DEBUG=1",
					"$(inherited)",
				);
				GCC_WARN_64_TO_32_BIT_CONVERSION = YES;
				GCC_WARN_ABOUT_RETURN_TYPE = YES_ERROR;
				GCC_WARN_UNDECLARED_SELECTOR = YES;
				GCC_WARN_UNINITIALIZED_AUTOS = YES_AGGRESSIVE;
				GCC_WARN_UNUSED_FUNCTION = YES;
				GCC_WARN_UNUSED_VARIABLE = YES;
				IPHONEOS_DEPLOYMENT_TARGET = 12.1;
				MTL_ENABLE_DEBUG_INFO = INCLUDE_SOURCE;
				MTL_FAST_MATH = YES;
				ONLY_ACTIVE_ARCH = YES;
				SDKROOT = iphoneos;
				SWIFT_ACTIVE_COMPILATION_CONDITIONS = DEBUG;
				SWIFT_OPTIMIZATION_LEVEL = "-Onone";
			};
			name = Debug;
		};
		9FC8582E21B6CE3C00BA05CA /* Release */ = {
			isa = XCBuildConfiguration;
			buildSettings = {
				ALWAYS_SEARCH_USER_PATHS = NO;
				ASSETCATALOG_COMPILER_APPICON_NAME = AppIcon;
				CLANG_ANALYZER_NONNULL = YES;
				CLANG_ANALYZER_NUMBER_OBJECT_CONVERSION = YES_AGGRESSIVE;
				CLANG_CXX_LANGUAGE_STANDARD = "gnu++14";
				CLANG_CXX_LIBRARY = "libc++";
				CLANG_ENABLE_MODULES = YES;
				CLANG_ENABLE_OBJC_ARC = YES;
				CLANG_ENABLE_OBJC_WEAK = YES;
				CLANG_WARN_BLOCK_CAPTURE_AUTORELEASING = YES;
				CLANG_WARN_BOOL_CONVERSION = YES;
				CLANG_WARN_COMMA = YES;
				CLANG_WARN_CONSTANT_CONVERSION = YES;
				CLANG_WARN_DEPRECATED_OBJC_IMPLEMENTATIONS = YES;
				CLANG_WARN_DIRECT_OBJC_ISA_USAGE = YES_ERROR;
				CLANG_WARN_DOCUMENTATION_COMMENTS = YES;
				CLANG_WARN_EMPTY_BODY = YES;
				CLANG_WARN_ENUM_CONVERSION = YES;
				CLANG_WARN_INFINITE_RECURSION = YES;
				CLANG_WARN_INT_CONVERSION = YES;
				CLANG_WARN_NON_LITERAL_NULL_CONVERSION = YES;
				CLANG_WARN_OBJC_IMPLICIT_RETAIN_SELF = YES;
				CLANG_WARN_OBJC_LITERAL_CONVERSION = YES;
				CLANG_WARN_OBJC_ROOT_CLASS = YES_ERROR;
				CLANG_WARN_RANGE_LOOP_ANALYSIS = YES;
				CLANG_WARN_STRICT_PROTOTYPES = YES;
				CLANG_WARN_SUSPICIOUS_MOVE = YES;
				CLANG_WARN_UNGUARDED_AVAILABILITY = YES_AGGRESSIVE;
				CLANG_WARN_UNREACHABLE_CODE = YES;
				CLANG_WARN__DUPLICATE_METHOD_MATCH = YES;
				CODE_SIGN_IDENTITY = "iPhone Developer";
				COPY_PHASE_STRIP = NO;
				DEBUG_INFORMATION_FORMAT = "dwarf-with-dsym";
				ENABLE_NS_ASSERTIONS = NO;
				ENABLE_STRICT_OBJC_MSGSEND = YES;
				GCC_C_LANGUAGE_STANDARD = gnu11;
				GCC_NO_COMMON_BLOCKS = YES;
				GCC_WARN_64_TO_32_BIT_CONVERSION = YES;
				GCC_WARN_ABOUT_RETURN_TYPE = YES_ERROR;
				GCC_WARN_UNDECLARED_SELECTOR = YES;
				GCC_WARN_UNINITIALIZED_AUTOS = YES_AGGRESSIVE;
				GCC_WARN_UNUSED_FUNCTION = YES;
				GCC_WARN_UNUSED_VARIABLE = YES;
				IPHONEOS_DEPLOYMENT_TARGET = 12.1;
				MTL_ENABLE_DEBUG_INFO = NO;
				MTL_FAST_MATH = YES;
				SDKROOT = iphoneos;
				SWIFT_COMPILATION_MODE = wholemodule;
				SWIFT_OPTIMIZATION_LEVEL = "-O";
				VALIDATE_PRODUCT = YES;
			};
			name = Release;
		};
		9FC8583021B6CE3C00BA05CA /* Debug */ = {
			isa = XCBuildConfiguration;
			baseConfigurationReference = 1D058A1BC3F9D4E16351EEA5 /* Pods-ppoggle.debug.xcconfig */;
			buildSettings = {
				ASSETCATALOG_COMPILER_APPICON_NAME = AppIcon;
				CODE_SIGN_STYLE = Automatic;
				DEVELOPMENT_TEAM = 8ZMC86H7GX;
				INFOPLIST_FILE = Info.plist;
				LD_RUNPATH_SEARCH_PATHS = (
					"$(inherited)",
					"@executable_path/Frameworks",
				);
				PRODUCT_BUNDLE_IDENTIFIER = bbvch13531.ppoggle;
				PRODUCT_NAME = "$(TARGET_NAME)";
				SWIFT_VERSION = 4.2;
				TARGETED_DEVICE_FAMILY = "1,2";
			};
			name = Debug;
		};
		9FC8583121B6CE3C00BA05CA /* Release */ = {
			isa = XCBuildConfiguration;
			baseConfigurationReference = D1C9B106BB00757C6BCA853D /* Pods-ppoggle.release.xcconfig */;
			buildSettings = {
				ASSETCATALOG_COMPILER_APPICON_NAME = AppIcon;
				CODE_SIGN_STYLE = Automatic;
				DEVELOPMENT_TEAM = 8ZMC86H7GX;
				INFOPLIST_FILE = Info.plist;
				LD_RUNPATH_SEARCH_PATHS = (
					"$(inherited)",
					"@executable_path/Frameworks",
				);
				PRODUCT_BUNDLE_IDENTIFIER = bbvch13531.ppoggle;
				PRODUCT_NAME = "$(TARGET_NAME)";
				SWIFT_VERSION = 4.2;
				TARGETED_DEVICE_FAMILY = "1,2";
			};
			name = Release;
		};
		9FC8583321B6CE3C00BA05CA /* Debug */ = {
			isa = XCBuildConfiguration;
			buildSettings = {
				ALWAYS_EMBED_SWIFT_STANDARD_LIBRARIES = YES;
				BUNDLE_LOADER = "$(TEST_HOST)";
				CODE_SIGN_STYLE = Automatic;
				DEVELOPMENT_TEAM = 8ZMC86H7GX;
				INFOPLIST_FILE = ppoggleTests/Info.plist;
				LD_RUNPATH_SEARCH_PATHS = (
					"$(inherited)",
					"@executable_path/Frameworks",
					"@loader_path/Frameworks",
				);
				PRODUCT_BUNDLE_IDENTIFIER = bbvch13531.ppoggleTests;
				PRODUCT_NAME = "$(TARGET_NAME)";
				SWIFT_VERSION = 4.2;
				TARGETED_DEVICE_FAMILY = "1,2";
				TEST_HOST = "$(BUILT_PRODUCTS_DIR)/ppoggle.app/ppoggle";
			};
			name = Debug;
		};
		9FC8583421B6CE3C00BA05CA /* Release */ = {
			isa = XCBuildConfiguration;
			buildSettings = {
				ALWAYS_EMBED_SWIFT_STANDARD_LIBRARIES = YES;
				BUNDLE_LOADER = "$(TEST_HOST)";
				CODE_SIGN_STYLE = Automatic;
				DEVELOPMENT_TEAM = 8ZMC86H7GX;
				INFOPLIST_FILE = ppoggleTests/Info.plist;
				LD_RUNPATH_SEARCH_PATHS = (
					"$(inherited)",
					"@executable_path/Frameworks",
					"@loader_path/Frameworks",
				);
				PRODUCT_BUNDLE_IDENTIFIER = bbvch13531.ppoggleTests;
				PRODUCT_NAME = "$(TARGET_NAME)";
				SWIFT_VERSION = 4.2;
				TARGETED_DEVICE_FAMILY = "1,2";
				TEST_HOST = "$(BUILT_PRODUCTS_DIR)/ppoggle.app/ppoggle";
			};
			name = Release;
		};
/* End XCBuildConfiguration section */

/* Begin XCConfigurationList section */
		9FC8580A21B6CE3B00BA05CA /* Build configuration list for PBXProject "ppoggle" */ = {
			isa = XCConfigurationList;
			buildConfigurations = (
				9FC8582D21B6CE3C00BA05CA /* Debug */,
				9FC8582E21B6CE3C00BA05CA /* Release */,
			);
			defaultConfigurationIsVisible = 0;
			defaultConfigurationName = Release;
		};
		9FC8582F21B6CE3C00BA05CA /* Build configuration list for PBXNativeTarget "ppoggle" */ = {
			isa = XCConfigurationList;
			buildConfigurations = (
				9FC8583021B6CE3C00BA05CA /* Debug */,
				9FC8583121B6CE3C00BA05CA /* Release */,
			);
			defaultConfigurationIsVisible = 0;
			defaultConfigurationName = Release;
		};
		9FC8583221B6CE3C00BA05CA /* Build configuration list for PBXNativeTarget "ppoggleTests" */ = {
			isa = XCConfigurationList;
			buildConfigurations = (
				9FC8583321B6CE3C00BA05CA /* Debug */,
				9FC8583421B6CE3C00BA05CA /* Release */,
			);
			defaultConfigurationIsVisible = 0;
			defaultConfigurationName = Release;
		};
/* End XCConfigurationList section */
	};
	rootObject = 9FC8580721B6CE3B00BA05CA /* Project object */;
}
